// !$*UTF8*$!
{
	archiveVersion = 1;
	classes = {
	};
	objectVersion = 48;
	objects = {

/* Begin PBXBuildFile section */
		3EEF1888EFD23404071C4424 /* libPods-WebServiceDemo.a in Frameworks */ = {isa = PBXBuildFile; fileRef = 3675B355ECD39B8DA88AE093 /* libPods-WebServiceDemo.a */; };
		939BC1290EAC53E23B42E0C0 /* libPods-WebServiceDemoUITests.a in Frameworks */ = {isa = PBXBuildFile; fileRef = 5A5639D57136B2EE57111129 /* libPods-WebServiceDemoUITests.a */; };
		C583B511B17CF3EF26FAD267 /* libPods-WebServiceDemoTests.a in Frameworks */ = {isa = PBXBuildFile; fileRef = E67A34B1A52E7051034AEAB6 /* libPods-WebServiceDemoTests.a */; };
		FF662D272001FD9000B529E8 /* AppDelegate.m in Sources */ = {isa = PBXBuildFile; fileRef = FF662D262001FD9000B529E8 /* AppDelegate.m */; };
		FF662D2D2001FD9000B529E8 /* Main.storyboard in Resources */ = {isa = PBXBuildFile; fileRef = FF662D2B2001FD9000B529E8 /* Main.storyboard */; };
		FF662D302001FD9000B529E8 /* WebServiceDemo.xcdatamodeld in Sources */ = {isa = PBXBuildFile; fileRef = FF662D2E2001FD9000B529E8 /* WebServiceDemo.xcdatamodeld */; };
		FF662D322001FD9000B529E8 /* Assets.xcassets in Resources */ = {isa = PBXBuildFile; fileRef = FF662D312001FD9000B529E8 /* Assets.xcassets */; };
		FF662D382001FD9000B529E8 /* main.m in Sources */ = {isa = PBXBuildFile; fileRef = FF662D372001FD9000B529E8 /* main.m */; };
		FF662D422001FD9000B529E8 /* WebServiceDemoTests.m in Sources */ = {isa = PBXBuildFile; fileRef = FF662D412001FD9000B529E8 /* WebServiceDemoTests.m */; };
		FF662D4D2001FD9000B529E8 /* WebServiceDemoUITests.m in Sources */ = {isa = PBXBuildFile; fileRef = FF662D4C2001FD9000B529E8 /* WebServiceDemoUITests.m */; };
		FF662D5B2001FDF100B529E8 /* Launch Screen.storyboard in Resources */ = {isa = PBXBuildFile; fileRef = FF662D5A2001FDF100B529E8 /* Launch Screen.storyboard */; };
		FF662D5C2001FDF100B529E8 /* Launch Screen.storyboard in Resources */ = {isa = PBXBuildFile; fileRef = FF662D5A2001FDF100B529E8 /* Launch Screen.storyboard */; };
		FF662D5D2001FDF100B529E8 /* Launch Screen.storyboard in Resources */ = {isa = PBXBuildFile; fileRef = FF662D5A2001FDF100B529E8 /* Launch Screen.storyboard */; };
		FF662D612001FE5100B529E8 /* FirstVC.m in Sources */ = {isa = PBXBuildFile; fileRef = FF662D602001FE5100B529E8 /* FirstVC.m */; };
		FF662D622001FE5100B529E8 /* FirstVC.m in Sources */ = {isa = PBXBuildFile; fileRef = FF662D602001FE5100B529E8 /* FirstVC.m */; };
		FF662D632001FE5100B529E8 /* FirstVC.m in Sources */ = {isa = PBXBuildFile; fileRef = FF662D602001FE5100B529E8 /* FirstVC.m */; };
		FF662D6620020C7300B529E8 /* ArticalsData.m in Sources */ = {isa = PBXBuildFile; fileRef = FF662D6520020C7300B529E8 /* ArticalsData.m */; };
		FF662D6720020C7300B529E8 /* ArticalsData.m in Sources */ = {isa = PBXBuildFile; fileRef = FF662D6520020C7300B529E8 /* ArticalsData.m */; };
		FF662D6820020C7300B529E8 /* ArticalsData.m in Sources */ = {isa = PBXBuildFile; fileRef = FF662D6520020C7300B529E8 /* ArticalsData.m */; };
		FF662D6B2002145B00B529E8 /* FirstVCCell.m in Sources */ = {isa = PBXBuildFile; fileRef = FF662D6A2002145B00B529E8 /* FirstVCCell.m */; };
		FF662D6C2002145B00B529E8 /* FirstVCCell.m in Sources */ = {isa = PBXBuildFile; fileRef = FF662D6A2002145B00B529E8 /* FirstVCCell.m */; };
		FF662D6D2002145B00B529E8 /* FirstVCCell.m in Sources */ = {isa = PBXBuildFile; fileRef = FF662D6A2002145B00B529E8 /* FirstVCCell.m */; };
/* End PBXBuildFile section */

/* Begin PBXContainerItemProxy section */
		FF662D3E2001FD9000B529E8 /* PBXContainerItemProxy */ = {
			isa = PBXContainerItemProxy;
			containerPortal = FF662D1A2001FD9000B529E8 /* Project object */;
			proxyType = 1;
			remoteGlobalIDString = FF662D212001FD9000B529E8;
			remoteInfo = WebServiceDemo;
		};
		FF662D492001FD9000B529E8 /* PBXContainerItemProxy */ = {
			isa = PBXContainerItemProxy;
			containerPortal = FF662D1A2001FD9000B529E8 /* Project object */;
			proxyType = 1;
			remoteGlobalIDString = FF662D212001FD9000B529E8;
			remoteInfo = WebServiceDemo;
		};
/* End PBXContainerItemProxy section */

/* Begin PBXFileReference section */
		145C84521096FDAE9FAA5DB5 /* Pods-WebServiceDemoTests.debug.xcconfig */ = {isa = PBXFileReference; includeInIndex = 1; lastKnownFileType = text.xcconfig; name = "Pods-WebServiceDemoTests.debug.xcconfig"; path = "Pods/Target Support Files/Pods-WebServiceDemoTests/Pods-WebServiceDemoTests.debug.xcconfig"; sourceTree = "<group>"; };
		1C3A4380FBDE0825E107A455 /* Pods-WebServiceDemoTests.release.xcconfig */ = {isa = PBXFileReference; includeInIndex = 1; lastKnownFileType = text.xcconfig; name = "Pods-WebServiceDemoTests.release.xcconfig"; path = "Pods/Target Support Files/Pods-WebServiceDemoTests/Pods-WebServiceDemoTests.release.xcconfig"; sourceTree = "<group>"; };
		207DA741067537377F13F2DF /* Pods-WebServiceDemo.release.xcconfig */ = {isa = PBXFileReference; includeInIndex = 1; lastKnownFileType = text.xcconfig; name = "Pods-WebServiceDemo.release.xcconfig"; path = "Pods/Target Support Files/Pods-WebServiceDemo/Pods-WebServiceDemo.release.xcconfig"; sourceTree = "<group>"; };
		2094B0192654E2D563184BBB /* Pods-WebServiceDemoUITests.release.xcconfig */ = {isa = PBXFileReference; includeInIndex = 1; lastKnownFileType = text.xcconfig; name = "Pods-WebServiceDemoUITests.release.xcconfig"; path = "Pods/Target Support Files/Pods-WebServiceDemoUITests/Pods-WebServiceDemoUITests.release.xcconfig"; sourceTree = "<group>"; };
		3675B355ECD39B8DA88AE093 /* libPods-WebServiceDemo.a */ = {isa = PBXFileReference; explicitFileType = archive.ar; includeInIndex = 0; path = "libPods-WebServiceDemo.a"; sourceTree = BUILT_PRODUCTS_DIR; };
		5A5639D57136B2EE57111129 /* libPods-WebServiceDemoUITests.a */ = {isa = PBXFileReference; explicitFileType = archive.ar; includeInIndex = 0; path = "libPods-WebServiceDemoUITests.a"; sourceTree = BUILT_PRODUCTS_DIR; };
		9EE5D19B9984C184443C16AC /* Pods-WebServiceDemo.debug.xcconfig */ = {isa = PBXFileReference; includeInIndex = 1; lastKnownFileType = text.xcconfig; name = "Pods-WebServiceDemo.debug.xcconfig"; path = "Pods/Target Support Files/Pods-WebServiceDemo/Pods-WebServiceDemo.debug.xcconfig"; sourceTree = "<group>"; };
		A9CF910E86B4553D766BF20F /* Pods-WebServiceDemoUITests.debug.xcconfig */ = {isa = PBXFileReference; includeInIndex = 1; lastKnownFileType = text.xcconfig; name = "Pods-WebServiceDemoUITests.debug.xcconfig"; path = "Pods/Target Support Files/Pods-WebServiceDemoUITests/Pods-WebServiceDemoUITests.debug.xcconfig"; sourceTree = "<group>"; };
		E67A34B1A52E7051034AEAB6 /* libPods-WebServiceDemoTests.a */ = {isa = PBXFileReference; explicitFileType = archive.ar; includeInIndex = 0; path = "libPods-WebServiceDemoTests.a"; sourceTree = BUILT_PRODUCTS_DIR; };
		FF662D222001FD9000B529E8 /* WebServiceDemo.app */ = {isa = PBXFileReference; explicitFileType = wrapper.application; includeInIndex = 0; path = WebServiceDemo.app; sourceTree = BUILT_PRODUCTS_DIR; };
		FF662D252001FD9000B529E8 /* AppDelegate.h */ = {isa = PBXFileReference; lastKnownFileType = sourcecode.c.h; path = AppDelegate.h; sourceTree = "<group>"; };
		FF662D262001FD9000B529E8 /* AppDelegate.m */ = {isa = PBXFileReference; lastKnownFileType = sourcecode.c.objc; path = AppDelegate.m; sourceTree = "<group>"; };
		FF662D2C2001FD9000B529E8 /* Base */ = {isa = PBXFileReference; lastKnownFileType = file.storyboard; name = Base; path = Base.lproj/Main.storyboard; sourceTree = "<group>"; };
		FF662D2F2001FD9000B529E8 /* WebServiceDemo.xcdatamodel */ = {isa = PBXFileReference; lastKnownFileType = wrapper.xcdatamodel; path = WebServiceDemo.xcdatamodel; sourceTree = "<group>"; };
		FF662D312001FD9000B529E8 /* Assets.xcassets */ = {isa = PBXFileReference; lastKnownFileType = folder.assetcatalog; path = Assets.xcassets; sourceTree = "<group>"; };
		FF662D362001FD9000B529E8 /* Info.plist */ = {isa = PBXFileReference; lastKnownFileType = text.plist.xml; path = Info.plist; sourceTree = "<group>"; };
		FF662D372001FD9000B529E8 /* main.m */ = {isa = PBXFileReference; lastKnownFileType = sourcecode.c.objc; path = main.m; sourceTree = "<group>"; };
		FF662D3D2001FD9000B529E8 /* WebServiceDemoTests.xctest */ = {isa = PBXFileReference; explicitFileType = wrapper.cfbundle; includeInIndex = 0; path = WebServiceDemoTests.xctest; sourceTree = BUILT_PRODUCTS_DIR; };
		FF662D412001FD9000B529E8 /* WebServiceDemoTests.m */ = {isa = PBXFileReference; lastKnownFileType = sourcecode.c.objc; path = WebServiceDemoTests.m; sourceTree = "<group>"; };
		FF662D432001FD9000B529E8 /* Info.plist */ = {isa = PBXFileReference; lastKnownFileType = text.plist.xml; path = Info.plist; sourceTree = "<group>"; };
		FF662D482001FD9000B529E8 /* WebServiceDemoUITests.xctest */ = {isa = PBXFileReference; explicitFileType = wrapper.cfbundle; includeInIndex = 0; path = WebServiceDemoUITests.xctest; sourceTree = BUILT_PRODUCTS_DIR; };
		FF662D4C2001FD9000B529E8 /* WebServiceDemoUITests.m */ = {isa = PBXFileReference; lastKnownFileType = sourcecode.c.objc; path = WebServiceDemoUITests.m; sourceTree = "<group>"; };
		FF662D4E2001FD9000B529E8 /* Info.plist */ = {isa = PBXFileReference; lastKnownFileType = text.plist.xml; path = Info.plist; sourceTree = "<group>"; };
		FF662D5A2001FDF100B529E8 /* Launch Screen.storyboard */ = {isa = PBXFileReference; lastKnownFileType = file.storyboard; path = "Launch Screen.storyboard"; sourceTree = "<group>"; };
		FF662D5F2001FE5100B529E8 /* FirstVC.h */ = {isa = PBXFileReference; lastKnownFileType = sourcecode.c.h; path = FirstVC.h; sourceTree = "<group>"; };
		FF662D602001FE5100B529E8 /* FirstVC.m */ = {isa = PBXFileReference; lastKnownFileType = sourcecode.c.objc; path = FirstVC.m; sourceTree = "<group>"; };
		FF662D6420020C7300B529E8 /* ArticalsData.h */ = {isa = PBXFileReference; lastKnownFileType = sourcecode.c.h; path = ArticalsData.h; sourceTree = "<group>"; };
		FF662D6520020C7300B529E8 /* ArticalsData.m */ = {isa = PBXFileReference; lastKnownFileType = sourcecode.c.objc; path = ArticalsData.m; sourceTree = "<group>"; };
		FF662D692002145B00B529E8 /* FirstVCCell.h */ = {isa = PBXFileReference; lastKnownFileType = sourcecode.c.h; path = FirstVCCell.h; sourceTree = "<group>"; };
		FF662D6A2002145B00B529E8 /* FirstVCCell.m */ = {isa = PBXFileReference; lastKnownFileType = sourcecode.c.objc; path = FirstVCCell.m; sourceTree = "<group>"; };
/* End PBXFileReference section */

/* Begin PBXFrameworksBuildPhase section */
		FF662D1F2001FD9000B529E8 /* Frameworks */ = {
			isa = PBXFrameworksBuildPhase;
			buildActionMask = 2147483647;
			files = (
				3EEF1888EFD23404071C4424 /* libPods-WebServiceDemo.a in Frameworks */,
			);
			runOnlyForDeploymentPostprocessing = 0;
		};
		FF662D3A2001FD9000B529E8 /* Frameworks */ = {
			isa = PBXFrameworksBuildPhase;
			buildActionMask = 2147483647;
			files = (
				C583B511B17CF3EF26FAD267 /* libPods-WebServiceDemoTests.a in Frameworks */,
			);
			runOnlyForDeploymentPostprocessing = 0;
		};
		FF662D452001FD9000B529E8 /* Frameworks */ = {
			isa = PBXFrameworksBuildPhase;
			buildActionMask = 2147483647;
			files = (
				939BC1290EAC53E23B42E0C0 /* libPods-WebServiceDemoUITests.a in Frameworks */,
			);
			runOnlyForDeploymentPostprocessing = 0;
		};
/* End PBXFrameworksBuildPhase section */

/* Begin PBXGroup section */
		970839E94DD2C13245EAEBDE /* Frameworks */ = {
			isa = PBXGroup;
			children = (
				3675B355ECD39B8DA88AE093 /* libPods-WebServiceDemo.a */,
				E67A34B1A52E7051034AEAB6 /* libPods-WebServiceDemoTests.a */,
				5A5639D57136B2EE57111129 /* libPods-WebServiceDemoUITests.a */,
			);
			name = Frameworks;
			sourceTree = "<group>";
		};
		F2303F1A80ABA6595DE190B2 /* Pods */ = {
			isa = PBXGroup;
			children = (
				9EE5D19B9984C184443C16AC /* Pods-WebServiceDemo.debug.xcconfig */,
				207DA741067537377F13F2DF /* Pods-WebServiceDemo.release.xcconfig */,
				145C84521096FDAE9FAA5DB5 /* Pods-WebServiceDemoTests.debug.xcconfig */,
				1C3A4380FBDE0825E107A455 /* Pods-WebServiceDemoTests.release.xcconfig */,
				A9CF910E86B4553D766BF20F /* Pods-WebServiceDemoUITests.debug.xcconfig */,
				2094B0192654E2D563184BBB /* Pods-WebServiceDemoUITests.release.xcconfig */,
			);
			name = Pods;
			sourceTree = "<group>";
		};
		FF662D192001FD9000B529E8 = {
			isa = PBXGroup;
			children = (
				FF662D242001FD9000B529E8 /* WebServiceDemo */,
				FF662D402001FD9000B529E8 /* WebServiceDemoTests */,
				FF662D4B2001FD9000B529E8 /* WebServiceDemoUITests */,
				FF662D232001FD9000B529E8 /* Products */,
				F2303F1A80ABA6595DE190B2 /* Pods */,
				970839E94DD2C13245EAEBDE /* Frameworks */,
			);
			sourceTree = "<group>";
		};
		FF662D232001FD9000B529E8 /* Products */ = {
			isa = PBXGroup;
			children = (
				FF662D222001FD9000B529E8 /* WebServiceDemo.app */,
				FF662D3D2001FD9000B529E8 /* WebServiceDemoTests.xctest */,
				FF662D482001FD9000B529E8 /* WebServiceDemoUITests.xctest */,
			);
			name = Products;
			sourceTree = "<group>";
		};
		FF662D242001FD9000B529E8 /* WebServiceDemo */ = {
			isa = PBXGroup;
			children = (
				FF662D252001FD9000B529E8 /* AppDelegate.h */,
				FF662D262001FD9000B529E8 /* AppDelegate.m */,
				FF662D2B2001FD9000B529E8 /* Main.storyboard */,
				FF662D5E2001FE1A00B529E8 /* FirstVC */,
				FF662D312001FD9000B529E8 /* Assets.xcassets */,
				FF662D362001FD9000B529E8 /* Info.plist */,
				FF662D372001FD9000B529E8 /* main.m */,
				FF662D2E2001FD9000B529E8 /* WebServiceDemo.xcdatamodeld */,
				FF662D5A2001FDF100B529E8 /* Launch Screen.storyboard */,
			);
			path = WebServiceDemo;
			sourceTree = "<group>";
		};
		FF662D402001FD9000B529E8 /* WebServiceDemoTests */ = {
			isa = PBXGroup;
			children = (
				FF662D412001FD9000B529E8 /* WebServiceDemoTests.m */,
				FF662D432001FD9000B529E8 /* Info.plist */,
			);
			path = WebServiceDemoTests;
			sourceTree = "<group>";
		};
		FF662D4B2001FD9000B529E8 /* WebServiceDemoUITests */ = {
			isa = PBXGroup;
			children = (
				FF662D4C2001FD9000B529E8 /* WebServiceDemoUITests.m */,
				FF662D4E2001FD9000B529E8 /* Info.plist */,
			);
			path = WebServiceDemoUITests;
			sourceTree = "<group>";
		};
		FF662D5E2001FE1A00B529E8 /* FirstVC */ = {
			isa = PBXGroup;
			children = (
				FF662D5F2001FE5100B529E8 /* FirstVC.h */,
				FF662D602001FE5100B529E8 /* FirstVC.m */,
				FF662D692002145B00B529E8 /* FirstVCCell.h */,
				FF662D6A2002145B00B529E8 /* FirstVCCell.m */,
				FF662D6420020C7300B529E8 /* ArticalsData.h */,
				FF662D6520020C7300B529E8 /* ArticalsData.m */,
			);
			path = FirstVC;
			sourceTree = "<group>";
		};
/* End PBXGroup section */

/* Begin PBXNativeTarget section */
		FF662D212001FD9000B529E8 /* WebServiceDemo */ = {
			isa = PBXNativeTarget;
			buildConfigurationList = FF662D512001FD9000B529E8 /* Build configuration list for PBXNativeTarget "WebServiceDemo" */;
			buildPhases = (
				CD6117B3DB2058F1DD0968C9 /* [CP] Check Pods Manifest.lock */,
				FF662D1E2001FD9000B529E8 /* Sources */,
				FF662D1F2001FD9000B529E8 /* Frameworks */,
				FF662D202001FD9000B529E8 /* Resources */,
				35048C6874DD423D7A7520FE /* [CP] Embed Pods Frameworks */,
				8352CBFFBE8FD212DDD613A3 /* [CP] Copy Pods Resources */,
			);
			buildRules = (
			);
			dependencies = (
			);
			name = WebServiceDemo;
			productName = WebServiceDemo;
			productReference = FF662D222001FD9000B529E8 /* WebServiceDemo.app */;
			productType = "com.apple.product-type.application";
		};
		FF662D3C2001FD9000B529E8 /* WebServiceDemoTests */ = {
			isa = PBXNativeTarget;
			buildConfigurationList = FF662D542001FD9000B529E8 /* Build configuration list for PBXNativeTarget "WebServiceDemoTests" */;
			buildPhases = (
				3ADAB8E7FA454416E29B45DB /* [CP] Check Pods Manifest.lock */,
				FF662D392001FD9000B529E8 /* Sources */,
				FF662D3A2001FD9000B529E8 /* Frameworks */,
				FF662D3B2001FD9000B529E8 /* Resources */,
				9A5816F7D2C9696657AFD6F0 /* [CP] Embed Pods Frameworks */,
				492E21A6CEDDF8511AE5566E /* [CP] Copy Pods Resources */,
			);
			buildRules = (
			);
			dependencies = (
				FF662D3F2001FD9000B529E8 /* PBXTargetDependency */,
			);
			name = WebServiceDemoTests;
			productName = WebServiceDemoTests;
			productReference = FF662D3D2001FD9000B529E8 /* WebServiceDemoTests.xctest */;
			productType = "com.apple.product-type.bundle.unit-test";
		};
		FF662D472001FD9000B529E8 /* WebServiceDemoUITests */ = {
			isa = PBXNativeTarget;
			buildConfigurationList = FF662D572001FD9000B529E8 /* Build configuration list for PBXNativeTarget "WebServiceDemoUITests" */;
			buildPhases = (
				14805297F0021C93D3E33009 /* [CP] Check Pods Manifest.lock */,
				FF662D442001FD9000B529E8 /* Sources */,
				FF662D452001FD9000B529E8 /* Frameworks */,
				FF662D462001FD9000B529E8 /* Resources */,
				A0AD25D18164F5EF4E889E72 /* [CP] Embed Pods Frameworks */,
				79C3232AE44A3036B1CF904A /* [CP] Copy Pods Resources */,
			);
			buildRules = (
			);
			dependencies = (
				FF662D4A2001FD9000B529E8 /* PBXTargetDependency */,
			);
			name = WebServiceDemoUITests;
			productName = WebServiceDemoUITests;
			productReference = FF662D482001FD9000B529E8 /* WebServiceDemoUITests.xctest */;
			productType = "com.apple.product-type.bundle.ui-testing";
		};
/* End PBXNativeTarget section */

/* Begin PBXProject section */
		FF662D1A2001FD9000B529E8 /* Project object */ = {
			isa = PBXProject;
			attributes = {
				LastUpgradeCheck = 0920;
				ORGANIZATIONNAME = Kondya;
				TargetAttributes = {
					FF662D212001FD9000B529E8 = {
						CreatedOnToolsVersion = 9.2;
						ProvisioningStyle = Automatic;
					};
					FF662D3C2001FD9000B529E8 = {
						CreatedOnToolsVersion = 9.2;
						ProvisioningStyle = Automatic;
						TestTargetID = FF662D212001FD9000B529E8;
					};
					FF662D472001FD9000B529E8 = {
						CreatedOnToolsVersion = 9.2;
						ProvisioningStyle = Automatic;
						TestTargetID = FF662D212001FD9000B529E8;
					};
				};
			};
			buildConfigurationList = FF662D1D2001FD9000B529E8 /* Build configuration list for PBXProject "WebServiceDemo" */;
			compatibilityVersion = "Xcode 8.0";
			developmentRegion = en;
			hasScannedForEncodings = 0;
			knownRegions = (
				en,
				Base,
			);
			mainGroup = FF662D192001FD9000B529E8;
			productRefGroup = FF662D232001FD9000B529E8 /* Products */;
			projectDirPath = "";
			projectRoot = "";
			targets = (
				FF662D212001FD9000B529E8 /* WebServiceDemo */,
				FF662D3C2001FD9000B529E8 /* WebServiceDemoTests */,
				FF662D472001FD9000B529E8 /* WebServiceDemoUITests */,
			);
		};
/* End PBXProject section */

/* Begin PBXResourcesBuildPhase section */
		FF662D202001FD9000B529E8 /* Resources */ = {
			isa = PBXResourcesBuildPhase;
			buildActionMask = 2147483647;
			files = (
				FF662D5B2001FDF100B529E8 /* Launch Screen.storyboard in Resources */,
				FF662D322001FD9000B529E8 /* Assets.xcassets in Resources */,
				FF662D2D2001FD9000B529E8 /* Main.storyboard in Resources */,
			);
			runOnlyForDeploymentPostprocessing = 0;
		};
		FF662D3B2001FD9000B529E8 /* Resources */ = {
			isa = PBXResourcesBuildPhase;
			buildActionMask = 2147483647;
			files = (
				FF662D5C2001FDF100B529E8 /* Launch Screen.storyboard in Resources */,
			);
			runOnlyForDeploymentPostprocessing = 0;
		};
		FF662D462001FD9000B529E8 /* Resources */ = {
			isa = PBXResourcesBuildPhase;
			buildActionMask = 2147483647;
			files = (
				FF662D5D2001FDF100B529E8 /* Launch Screen.storyboard in Resources */,
			);
			runOnlyForDeploymentPostprocessing = 0;
		};
/* End PBXResourcesBuildPhase section */

/* Begin PBXShellScriptBuildPhase section */
		14805297F0021C93D3E33009 /* [CP] Check Pods Manifest.lock */ = {
			isa = PBXShellScriptBuildPhase;
			buildActionMask = 2147483647;
			files = (
			);
			inputPaths = (
				"${PODS_PODFILE_DIR_PATH}/Podfile.lock",
				"${PODS_ROOT}/Manifest.lock",
			);
			name = "[CP] Check Pods Manifest.lock";
			outputPaths = (
				"$(DERIVED_FILE_DIR)/Pods-WebServiceDemoUITests-checkManifestLockResult.txt",
			);
			runOnlyForDeploymentPostprocessing = 0;
			shellPath = /bin/sh;
			shellScript = "diff \"${PODS_PODFILE_DIR_PATH}/Podfile.lock\" \"${PODS_ROOT}/Manifest.lock\" > /dev/null\nif [ $? != 0 ] ; then\n    # print error to STDERR\n    echo \"error: The sandbox is not in sync with the Podfile.lock. Run 'pod install' or update your CocoaPods installation.\" >&2\n    exit 1\nfi\n# This output is used by Xcode 'outputs' to avoid re-running this script phase.\necho \"SUCCESS\" > \"${SCRIPT_OUTPUT_FILE_0}\"\n";
			showEnvVarsInLog = 0;
		};
		35048C6874DD423D7A7520FE /* [CP] Embed Pods Frameworks */ = {
			isa = PBXShellScriptBuildPhase;
			buildActionMask = 2147483647;
			files = (
			);
			inputPaths = (
			);
			name = "[CP] Embed Pods Frameworks";
			outputPaths = (
			);
			runOnlyForDeploymentPostprocessing = 0;
			shellPath = /bin/sh;
			shellScript = "\"${SRCROOT}/Pods/Target Support Files/Pods-WebServiceDemo/Pods-WebServiceDemo-frameworks.sh\"\n";
			showEnvVarsInLog = 0;
		};
		3ADAB8E7FA454416E29B45DB /* [CP] Check Pods Manifest.lock */ = {
			isa = PBXShellScriptBuildPhase;
			buildActionMask = 2147483647;
			files = (
			);
			inputPaths = (
				"${PODS_PODFILE_DIR_PATH}/Podfile.lock",
				"${PODS_ROOT}/Manifest.lock",
			);
			name = "[CP] Check Pods Manifest.lock";
			outputPaths = (
				"$(DERIVED_FILE_DIR)/Pods-WebServiceDemoTests-checkManifestLockResult.txt",
			);
			runOnlyForDeploymentPostprocessing = 0;
			shellPath = /bin/sh;
			shellScript = "diff \"${PODS_PODFILE_DIR_PATH}/Podfile.lock\" \"${PODS_ROOT}/Manifest.lock\" > /dev/null\nif [ $? != 0 ] ; then\n    # print error to STDERR\n    echo \"error: The sandbox is not in sync with the Podfile.lock. Run 'pod install' or update your CocoaPods installation.\" >&2\n    exit 1\nfi\n# This output is used by Xcode 'outputs' to avoid re-running this script phase.\necho \"SUCCESS\" > \"${SCRIPT_OUTPUT_FILE_0}\"\n";
			showEnvVarsInLog = 0;
		};
		492E21A6CEDDF8511AE5566E /* [CP] Copy Pods Resources */ = {
			isa = PBXShellScriptBuildPhase;
			buildActionMask = 2147483647;
			files = (
			);
			inputPaths = (
			);
			name = "[CP] Copy Pods Resources";
			outputPaths = (
			);
			runOnlyForDeploymentPostprocessing = 0;
			shellPath = /bin/sh;
			shellScript = "\"${SRCROOT}/Pods/Target Support Files/Pods-WebServiceDemoTests/Pods-WebServiceDemoTests-resources.sh\"\n";
			showEnvVarsInLog = 0;
		};
		79C3232AE44A3036B1CF904A /* [CP] Copy Pods Resources */ = {
			isa = PBXShellScriptBuildPhase;
			buildActionMask = 2147483647;
			files = (
			);
			inputPaths = (
			);
			name = "[CP] Copy Pods Resources";
			outputPaths = (
			);
			runOnlyForDeploymentPostprocessing = 0;
			shellPath = /bin/sh;
			shellScript = "\"${SRCROOT}/Pods/Target Support Files/Pods-WebServiceDemoUITests/Pods-WebServiceDemoUITests-resources.sh\"\n";
			showEnvVarsInLog = 0;
		};
		8352CBFFBE8FD212DDD613A3 /* [CP] Copy Pods Resources */ = {
			isa = PBXShellScriptBuildPhase;
			buildActionMask = 2147483647;
			files = (
			);
			inputPaths = (
			);
			name = "[CP] Copy Pods Resources";
			outputPaths = (
			);
			runOnlyForDeploymentPostprocessing = 0;
			shellPath = /bin/sh;
			shellScript = "\"${SRCROOT}/Pods/Target Support Files/Pods-WebServiceDemo/Pods-WebServiceDemo-resources.sh\"\n";
			showEnvVarsInLog = 0;
		};
		9A5816F7D2C9696657AFD6F0 /* [CP] Embed Pods Frameworks */ = {
			isa = PBXShellScriptBuildPhase;
			buildActionMask = 2147483647;
			files = (
			);
			inputPaths = (
			);
			name = "[CP] Embed Pods Frameworks";
			outputPaths = (
			);
			runOnlyForDeploymentPostprocessing = 0;
			shellPath = /bin/sh;
			shellScript = "\"${SRCROOT}/Pods/Target Support Files/Pods-WebServiceDemoTests/Pods-WebServiceDemoTests-frameworks.sh\"\n";
			showEnvVarsInLog = 0;
		};
		A0AD25D18164F5EF4E889E72 /* [CP] Embed Pods Frameworks */ = {
			isa = PBXShellScriptBuildPhase;
			buildActionMask = 2147483647;
			files = (
			);
			inputPaths = (
			);
			name = "[CP] Embed Pods Frameworks";
			outputPaths = (
			);
			runOnlyForDeploymentPostprocessing = 0;
			shellPath = /bin/sh;
			shellScript = "\"${SRCROOT}/Pods/Target Support Files/Pods-WebServiceDemoUITests/Pods-WebServiceDemoUITests-frameworks.sh\"\n";
			showEnvVarsInLog = 0;
		};
		CD6117B3DB2058F1DD0968C9 /* [CP] Check Pods Manifest.lock */ = {
			isa = PBXShellScriptBuildPhase;
			buildActionMask = 2147483647;
			files = (
			);
			inputPaths = (
				"${PODS_PODFILE_DIR_PATH}/Podfile.lock",
				"${PODS_ROOT}/Manifest.lock",
			);
			name = "[CP] Check Pods Manifest.lock";
			outputPaths = (
				"$(DERIVED_FILE_DIR)/Pods-WebServiceDemo-checkManifestLockResult.txt",
			);
			runOnlyForDeploymentPostprocessing = 0;
			shellPath = /bin/sh;
			shellScript = "diff \"${PODS_PODFILE_DIR_PATH}/Podfile.lock\" \"${PODS_ROOT}/Manifest.lock\" > /dev/null\nif [ $? != 0 ] ; then\n    # print error to STDERR\n    echo \"error: The sandbox is not in sync with the Podfile.lock. Run 'pod install' or update your CocoaPods installation.\" >&2\n    exit 1\nfi\n# This output is used by Xcode 'outputs' to avoid re-running this script phase.\necho \"SUCCESS\" > \"${SCRIPT_OUTPUT_FILE_0}\"\n";
			showEnvVarsInLog = 0;
		};
/* End PBXShellScriptBuildPhase section */

/* Begin PBXSourcesBuildPhase section */
		FF662D1E2001FD9000B529E8 /* Sources */ = {
			isa = PBXSourcesBuildPhase;
			buildActionMask = 2147483647;
			files = (
				FF662D272001FD9000B529E8 /* AppDelegate.m in Sources */,
				FF662D6B2002145B00B529E8 /* FirstVCCell.m in Sources */,
				FF662D6620020C7300B529E8 /* ArticalsData.m in Sources */,
				FF662D612001FE5100B529E8 /* FirstVC.m in Sources */,
				FF662D382001FD9000B529E8 /* main.m in Sources */,
				FF662D302001FD9000B529E8 /* WebServiceDemo.xcdatamodeld in Sources */,
			);
			runOnlyForDeploymentPostprocessing = 0;
		};
		FF662D392001FD9000B529E8 /* Sources */ = {
			isa = PBXSourcesBuildPhase;
			buildActionMask = 2147483647;
			files = (
				FF662D422001FD9000B529E8 /* WebServiceDemoTests.m in Sources */,
				FF662D6C2002145B00B529E8 /* FirstVCCell.m in Sources */,
				FF662D622001FE5100B529E8 /* FirstVC.m in Sources */,
				FF662D6720020C7300B529E8 /* ArticalsData.m in Sources */,
			);
			runOnlyForDeploymentPostprocessing = 0;
		};
		FF662D442001FD9000B529E8 /* Sources */ = {
			isa = PBXSourcesBuildPhase;
			buildActionMask = 2147483647;
			files = (
				FF662D4D2001FD9000B529E8 /* WebServiceDemoUITests.m in Sources */,
				FF662D6D2002145B00B529E8 /* FirstVCCell.m in Sources */,
				FF662D632001FE5100B529E8 /* FirstVC.m in Sources */,
				FF662D6820020C7300B529E8 /* ArticalsData.m in Sources */,
			);
			runOnlyForDeploymentPostprocessing = 0;
		};
/* End PBXSourcesBuildPhase section */

/* Begin PBXTargetDependency section */
		FF662D3F2001FD9000B529E8 /* PBXTargetDependency */ = {
			isa = PBXTargetDependency;
			target = FF662D212001FD9000B529E8 /* WebServiceDemo */;
			targetProxy = FF662D3E2001FD9000B529E8 /* PBXContainerItemProxy */;
		};
		FF662D4A2001FD9000B529E8 /* PBXTargetDependency */ = {
			isa = PBXTargetDependency;
			target = FF662D212001FD9000B529E8 /* WebServiceDemo */;
			targetProxy = FF662D492001FD9000B529E8 /* PBXContainerItemProxy */;
		};
/* End PBXTargetDependency section */

/* Begin PBXVariantGroup section */
		FF662D2B2001FD9000B529E8 /* Main.storyboard */ = {
			isa = PBXVariantGroup;
			children = (
				FF662D2C2001FD9000B529E8 /* Base */,
			);
			name = Main.storyboard;
			sourceTree = "<group>";
		};
/* End PBXVariantGroup section */

/* Begin XCBuildConfiguration section */
		FF662D4F2001FD9000B529E8 /* Debug */ = {
			isa = XCBuildConfiguration;
			buildSettings = {
				ALWAYS_SEARCH_USER_PATHS = NO;
				CLANG_ANALYZER_NONNULL = YES;
				CLANG_ANALYZER_NUMBER_OBJECT_CONVERSION = YES_AGGRESSIVE;
				CLANG_CXX_LANGUAGE_STANDARD = "gnu++14";
				CLANG_CXX_LIBRARY = "libc++";
				CLANG_ENABLE_MODULES = YES;
				CLANG_ENABLE_OBJC_ARC = YES;
				CLANG_WARN_BLOCK_CAPTURE_AUTORELEASING = YES;
				CLANG_WARN_BOOL_CONVERSION = YES;
				CLANG_WARN_COMMA = YES;
				CLANG_WARN_CONSTANT_CONVERSION = YES;
				CLANG_WARN_DIRECT_OBJC_ISA_USAGE = YES_ERROR;
				CLANG_WARN_DOCUMENTATION_COMMENTS = YES;
				CLANG_WARN_EMPTY_BODY = YES;
				CLANG_WARN_ENUM_CONVERSION = YES;
				CLANG_WARN_INFINITE_RECURSION = YES;
				CLANG_WARN_INT_CONVERSION = YES;
				CLANG_WARN_NON_LITERAL_NULL_CONVERSION = YES;
				CLANG_WARN_OBJC_LITERAL_CONVERSION = YES;
				CLANG_WARN_OBJC_ROOT_CLASS = YES_ERROR;
				CLANG_WARN_RANGE_LOOP_ANALYSIS = YES;
				CLANG_WARN_STRICT_PROTOTYPES = YES;
				CLANG_WARN_SUSPICIOUS_MOVE = YES;
				CLANG_WARN_UNGUARDED_AVAILABILITY = YES_AGGRESSIVE;
				CLANG_WARN_UNREACHABLE_CODE = YES;
				CLANG_WARN__DUPLICATE_METHOD_MATCH = YES;
				CODE_SIGN_IDENTITY = "iPhone Developer";
				COPY_PHASE_STRIP = NO;
				DEBUG_INFORMATION_FORMAT = dwarf;
				ENABLE_STRICT_OBJC_MSGSEND = YES;
				ENABLE_TESTABILITY = YES;
				GCC_C_LANGUAGE_STANDARD = gnu11;
				GCC_DYNAMIC_NO_PIC = NO;
				GCC_NO_COMMON_BLOCKS = YES;
				GCC_OPTIMIZATION_LEVEL = 0;
				GCC_PREPROCESSOR_DEFINITIONS = (
					"DEBUG=1",
					"$(inherited)",
				);
				GCC_WARN_64_TO_32_BIT_CONVERSION = YES;
				GCC_WARN_ABOUT_RETURN_TYPE = YES_ERROR;
				GCC_WARN_UNDECLARED_SELECTOR = YES;
				GCC_WARN_UNINITIALIZED_AUTOS = YES_AGGRESSIVE;
				GCC_WARN_UNUSED_FUNCTION = YES;
				GCC_WARN_UNUSED_VARIABLE = YES;
				IPHONEOS_DEPLOYMENT_TARGET = 11.2;
				MTL_ENABLE_DEBUG_INFO = YES;
				ONLY_ACTIVE_ARCH = YES;
				SDKROOT = iphoneos;
			};
			name = Debug;
		};
		FF662D502001FD9000B529E8 /* Release */ = {
			isa = XCBuildConfiguration;
			buildSettings = {
				ALWAYS_SEARCH_USER_PATHS = NO;
				CLANG_ANALYZER_NONNULL = YES;
				CLANG_ANALYZER_NUMBER_OBJECT_CONVERSION = YES_AGGRESSIVE;
				CLANG_CXX_LANGUAGE_STANDARD = "gnu++14";
				CLANG_CXX_LIBRARY = "libc++";
				CLANG_ENABLE_MODULES = YES;
				CLANG_ENABLE_OBJC_ARC = YES;
				CLANG_WARN_BLOCK_CAPTURE_AUTORELEASING = YES;
				CLANG_WARN_BOOL_CONVERSION = YES;
				CLANG_WARN_COMMA = YES;
				CLANG_WARN_CONSTANT_CONVERSION = YES;
				CLANG_WARN_DIRECT_OBJC_ISA_USAGE = YES_ERROR;
				CLANG_WARN_DOCUMENTATION_COMMENTS = YES;
				CLANG_WARN_EMPTY_BODY = YES;
				CLANG_WARN_ENUM_CONVERSION = YES;
				CLANG_WARN_INFINITE_RECURSION = YES;
				CLANG_WARN_INT_CONVERSION = YES;
				CLANG_WARN_NON_LITERAL_NULL_CONVERSION = YES;
				CLANG_WARN_OBJC_LITERAL_CONVERSION = YES;
				CLANG_WARN_OBJC_ROOT_CLASS = YES_ERROR;
				CLANG_WARN_RANGE_LOOP_ANALYSIS = YES;
				CLANG_WARN_STRICT_PROTOTYPES = YES;
				CLANG_WARN_SUSPICIOUS_MOVE = YES;
				CLANG_WARN_UNGUARDED_AVAILABILITY = YES_AGGRESSIVE;
				CLANG_WARN_UNREACHABLE_CODE = YES;
				CLANG_WARN__DUPLICATE_METHOD_MATCH = YES;
				CODE_SIGN_IDENTITY = "iPhone Developer";
				COPY_PHASE_STRIP = NO;
				DEBUG_INFORMATION_FORMAT = "dwarf-with-dsym";
				ENABLE_NS_ASSERTIONS = NO;
				ENABLE_STRICT_OBJC_MSGSEND = YES;
				GCC_C_LANGUAGE_STANDARD = gnu11;
				GCC_NO_COMMON_BLOCKS = YES;
				GCC_WARN_64_TO_32_BIT_CONVERSION = YES;
				GCC_WARN_ABOUT_RETURN_TYPE = YES_ERROR;
				GCC_WARN_UNDECLARED_SELECTOR = YES;
				GCC_WARN_UNINITIALIZED_AUTOS = YES_AGGRESSIVE;
				GCC_WARN_UNUSED_FUNCTION = YES;
				GCC_WARN_UNUSED_VARIABLE = YES;
				IPHONEOS_DEPLOYMENT_TARGET = 11.2;
				MTL_ENABLE_DEBUG_INFO = NO;
				SDKROOT = iphoneos;
				VALIDATE_PRODUCT = YES;
			};
			name = Release;
		};
		FF662D522001FD9000B529E8 /* Debug */ = {
			isa = XCBuildConfiguration;
			baseConfigurationReference = 9EE5D19B9984C184443C16AC /* Pods-WebServiceDemo.debug.xcconfig */;
			buildSettings = {
				ASSETCATALOG_COMPILER_APPICON_NAME = AppIcon;
				CODE_SIGN_STYLE = Automatic;
				DEVELOPMENT_TEAM = ZP95T9MQBZ;
				INFOPLIST_FILE = WebServiceDemo/Info.plist;
				LD_RUNPATH_SEARCH_PATHS = "$(inherited) @executable_path/Frameworks";
				PRODUCT_BUNDLE_IDENTIFIER = com.WebServiceDemo;
				PRODUCT_NAME = "$(TARGET_NAME)";
				TARGETED_DEVICE_FAMILY = "1,2";
			};
			name = Debug;
		};
		FF662D532001FD9000B529E8 /* Release */ = {
			isa = XCBuildConfiguration;
			baseConfigurationReference = 207DA741067537377F13F2DF /* Pods-WebServiceDemo.release.xcconfig */;
			buildSettings = {
				ASSETCATALOG_COMPILER_APPICON_NAME = AppIcon;
				CODE_SIGN_STYLE = Automatic;
				DEVELOPMENT_TEAM = ZP95T9MQBZ;
				INFOPLIST_FILE = WebServiceDemo/Info.plist;
				LD_RUNPATH_SEARCH_PATHS = "$(inherited) @executable_path/Frameworks";
				PRODUCT_BUNDLE_IDENTIFIER = com.WebServiceDemo;
				PRODUCT_NAME = "$(TARGET_NAME)";
				TARGETED_DEVICE_FAMILY = "1,2";
			};
			name = Release;
		};
		FF662D552001FD9000B529E8 /* Debug */ = {
			isa = XCBuildConfiguration;
			baseConfigurationReference = 145C84521096FDAE9FAA5DB5 /* Pods-WebServiceDemoTests.debug.xcconfig */;
			buildSettings = {
				BUNDLE_LOADER = "$(TEST_HOST)";
				CODE_SIGN_STYLE = Automatic;
				INFOPLIST_FILE = WebServiceDemoTests/Info.plist;
				LD_RUNPATH_SEARCH_PATHS = "$(inherited) @executable_path/Frameworks @loader_path/Frameworks";
				PRODUCT_BUNDLE_IDENTIFIER = com.WebServiceDemoTests;
				PRODUCT_NAME = "$(TARGET_NAME)";
				TARGETED_DEVICE_FAMILY = "1,2";
				TEST_HOST = "$(BUILT_PRODUCTS_DIR)/WebServiceDemo.app/WebServiceDemo";
			};
			name = Debug;
		};
		FF662D562001FD9000B529E8 /* Release */ = {
			isa = XCBuildConfiguration;
			baseConfigurationReference = 1C3A4380FBDE0825E107A455 /* Pods-WebServiceDemoTests.release.xcconfig */;
			buildSettings = {
				BUNDLE_LOADER = "$(TEST_HOST)";
				CODE_SIGN_STYLE = Automatic;
				INFOPLIST_FILE = WebServiceDemoTests/Info.plist;
				LD_RUNPATH_SEARCH_PATHS = "$(inherited) @executable_path/Frameworks @loader_path/Frameworks";
				PRODUCT_BUNDLE_IDENTIFIER = com.WebServiceDemoTests;
				PRODUCT_NAME = "$(TARGET_NAME)";
				TARGETED_DEVICE_FAMILY = "1,2";
				TEST_HOST = "$(BUILT_PRODUCTS_DIR)/WebServiceDemo.app/WebServiceDemo";
			};
			name = Release;
		};
		FF662D582001FD9000B529E8 /* Debug */ = {
			isa = XCBuildConfiguration;
			baseConfigurationReference = A9CF910E86B4553D766BF20F /* Pods-WebServiceDemoUITests.debug.xcconfig */;
			buildSettings = {
				CODE_SIGN_STYLE = Automatic;
				INFOPLIST_FILE = WebServiceDemoUITests/Info.plist;
				LD_RUNPATH_SEARCH_PATHS = "$(inherited) @executable_path/Frameworks @loader_path/Frameworks";
				PRODUCT_BUNDLE_IDENTIFIER = com.WebServiceDemoUITests;
				PRODUCT_NAME = "$(TARGET_NAME)";
				TARGETED_DEVICE_FAMILY = "1,2";
				TEST_TARGET_NAME = WebServiceDemo;
			};
			name = Debug;
		};
		FF662D592001FD9000B529E8 /* Release */ = {
			isa = XCBuildConfiguration;
			baseConfigurationReference = 2094B0192654E2D563184BBB /* Pods-WebServiceDemoUITests.release.xcconfig */;
			buildSettings = {
				CODE_SIGN_STYLE = Automatic;
				INFOPLIST_FILE = WebServiceDemoUITests/Info.plist;
				LD_RUNPATH_SEARCH_PATHS = "$(inherited) @executable_path/Frameworks @loader_path/Frameworks";
				PRODUCT_BUNDLE_IDENTIFIER = com.WebServiceDemoUITests;
				PRODUCT_NAME = "$(TARGET_NAME)";
				TARGETED_DEVICE_FAMILY = "1,2";
				TEST_TARGET_NAME = WebServiceDemo;
			};
			name = Release;
		};
/* End XCBuildConfiguration section */

/* Begin XCConfigurationList section */
		FF662D1D2001FD9000B529E8 /* Build configuration list for PBXProject "WebServiceDemo" */ = {
			isa = XCConfigurationList;
			buildConfigurations = (
				FF662D4F2001FD9000B529E8 /* Debug */,
				FF662D502001FD9000B529E8 /* Release */,
			);
			defaultConfigurationIsVisible = 0;
			defaultConfigurationName = Release;
		};
		FF662D512001FD9000B529E8 /* Build configuration list for PBXNativeTarget "WebServiceDemo" */ = {
			isa = XCConfigurationList;
			buildConfigurations = (
				FF662D522001FD9000B529E8 /* Debug */,
				FF662D532001FD9000B529E8 /* Release */,
			);
			defaultConfigurationIsVisible = 0;
			defaultConfigurationName = Release;
		};
		FF662D542001FD9000B529E8 /* Build configuration list for PBXNativeTarget "WebServiceDemoTests" */ = {
			isa = XCConfigurationList;
			buildConfigurations = (
				FF662D552001FD9000B529E8 /* Debug */,
				FF662D562001FD9000B529E8 /* Release */,
			);
			defaultConfigurationIsVisible = 0;
			defaultConfigurationName = Release;
		};
		FF662D572001FD9000B529E8 /* Build configuration list for PBXNativeTarget "WebServiceDemoUITests" */ = {
			isa = XCConfigurationList;
			buildConfigurations = (
				FF662D582001FD9000B529E8 /* Debug */,
				FF662D592001FD9000B529E8 /* Release */,
			);
			defaultConfigurationIsVisible = 0;
			defaultConfigurationName = Release;
		};
/* End XCConfigurationList section */

/* Begin XCVersionGroup section */
		FF662D2E2001FD9000B529E8 /* WebServiceDemo.xcdatamodeld */ = {
			isa = XCVersionGroup;
			children = (
				FF662D2F2001FD9000B529E8 /* WebServiceDemo.xcdatamodel */,
			);
			currentVersion = FF662D2F2001FD9000B529E8 /* WebServiceDemo.xcdatamodel */;
			path = WebServiceDemo.xcdatamodeld;
			sourceTree = "<group>";
			versionGroupType = wrapper.xcdatamodel;
		};
/* End XCVersionGroup section */
	};
	rootObject = FF662D1A2001FD9000B529E8 /* Project object */;
}
